
Microsoft Visual Studio Solution File, Format Version 12.00
# Visual Studio 15
VisualStudioVersion = 15.0.28307.757
MinimumVisualStudioVersion = 15.0.26124.0
Project("{9A19103F-16F7-4668-BE54-9A1E7A4F7556}") = "iia-host", "iia-host\iia-host.csproj", "{A01AF703-E090-4658-90C5-BD1F96550626}"
EndProject
Project("{2150E333-8FDC-42A3-9474-1A3956D46DE8}") = "services", "services", "{097B5E27-8C66-496C-BED5-52522F0CBB38}"
EndProject
Project("{9A19103F-16F7-4668-BE54-9A1E7A4F7556}") = "iia.DataService", "services\iia.DataService\iia.DataService.csproj", "{E39580EE-D9B5-4EBD-9783-7D1D7E472C10}"
EndProject
Project("{2150E333-8FDC-42A3-9474-1A3956D46DE8}") = "contracts", "contracts", "{1272BEC9-F062-48D4-952E-A7F4E0EE04A8}"
EndProject
Project("{9A19103F-16F7-4668-BE54-9A1E7A4F7556}") = "iia.contracts", "iia.contracts\iia.contracts.csproj", "{18ACA772-B46A-4FE4-8DB9-9A1AE5A40C31}"
EndProject
Project("{9A19103F-16F7-4668-BE54-9A1E7A4F7556}") = "iia.CategoryService", "services\iia.CategoryService\iia.CategoryService.csproj", "{89CB8A9C-26B8-41B0-A848-17C2D679B5F0}"
EndProject
Project("{9A19103F-16F7-4668-BE54-9A1E7A4F7556}") = "iia.ProductService", "services\iia.ProductService\iia.ProductService.csproj", "{52F44E20-CF6B-4659-80A3-AFE501C43B21}"
EndProject
Project("{9A19103F-16F7-4668-BE54-9A1E7A4F7556}") = "iia.CustomerService", "services\iia.CustomerService\iia.CustomerService.csproj", "{52F44E20-CF6B-4659-80A3-AFE501C43B21}"
EndProject
Global
	GlobalSection(SolutionConfigurationPlatforms) = preSolution
		Debug|Any CPU = Debug|Any CPU
		Debug|x64 = Debug|x64
		Debug|x86 = Debug|x86
		Release|Any CPU = Release|Any CPU
		Release|x64 = Release|x64
		Release|x86 = Release|x86
	EndGlobalSection
	GlobalSection(ProjectConfigurationPlatforms) = postSolution
		{A01AF703-E090-4658-90C5-BD1F96550626}.Debug|Any CPU.ActiveCfg = Debug|Any CPU
		{A01AF703-E090-4658-90C5-BD1F96550626}.Debug|Any CPU.Build.0 = Debug|Any CPU
		{A01AF703-E090-4658-90C5-BD1F96550626}.Debug|x64.ActiveCfg = Debug|Any CPU
		{A01AF703-E090-4658-90C5-BD1F96550626}.Debug|x64.Build.0 = Debug|Any CPU
		{A01AF703-E090-4658-90C5-BD1F96550626}.Debug|x86.ActiveCfg = Debug|Any CPU
		{A01AF703-E090-4658-90C5-BD1F96550626}.Debug|x86.Build.0 = Debug|Any CPU
		{A01AF703-E090-4658-90C5-BD1F96550626}.Release|Any CPU.ActiveCfg = Release|Any CPU
		{A01AF703-E090-4658-90C5-BD1F96550626}.Release|Any CPU.Build.0 = Release|Any CPU
		{A01AF703-E090-4658-90C5-BD1F96550626}.Release|x64.ActiveCfg = Release|Any CPU
		{A01AF703-E090-4658-90C5-BD1F96550626}.Release|x64.Build.0 = Release|Any CPU
		{A01AF703-E090-4658-90C5-BD1F96550626}.Release|x86.ActiveCfg = Release|Any CPU
		{A01AF703-E090-4658-90C5-BD1F96550626}.Release|x86.Build.0 = Release|Any CPU
		{E39580EE-D9B5-4EBD-9783-7D1D7E472C10}.Debug|Any CPU.ActiveCfg = Debug|Any CPU
		{E39580EE-D9B5-4EBD-9783-7D1D7E472C10}.Debug|Any CPU.Build.0 = Debug|Any CPU
		{E39580EE-D9B5-4EBD-9783-7D1D7E472C10}.Debug|x64.ActiveCfg = Debug|Any CPU
		{E39580EE-D9B5-4EBD-9783-7D1D7E472C10}.Debug|x64.Build.0 = Debug|Any CPU
		{E39580EE-D9B5-4EBD-9783-7D1D7E472C10}.Debug|x86.ActiveCfg = Debug|Any CPU
		{E39580EE-D9B5-4EBD-9783-7D1D7E472C10}.Debug|x86.Build.0 = Debug|Any CPU
		{E39580EE-D9B5-4EBD-9783-7D1D7E472C10}.Release|Any CPU.ActiveCfg = Release|Any CPU
		{E39580EE-D9B5-4EBD-9783-7D1D7E472C10}.Release|Any CPU.Build.0 = Release|Any CPU
		{E39580EE-D9B5-4EBD-9783-7D1D7E472C10}.Release|x64.ActiveCfg = Release|Any CPU
		{E39580EE-D9B5-4EBD-9783-7D1D7E472C10}.Release|x64.Build.0 = Release|Any CPU
		{E39580EE-D9B5-4EBD-9783-7D1D7E472C10}.Release|x86.ActiveCfg = Release|Any CPU
		{E39580EE-D9B5-4EBD-9783-7D1D7E472C10}.Release|x86.Build.0 = Release|Any CPU
		{18ACA772-B46A-4FE4-8DB9-9A1AE5A40C31}.Debug|Any CPU.ActiveCfg = Debug|Any CPU
		{18ACA772-B46A-4FE4-8DB9-9A1AE5A40C31}.Debug|Any CPU.Build.0 = Debug|Any CPU
		{18ACA772-B46A-4FE4-8DB9-9A1AE5A40C31}.Debug|x64.ActiveCfg = Debug|Any CPU
		{18ACA772-B46A-4FE4-8DB9-9A1AE5A40C31}.Debug|x64.Build.0 = Debug|Any CPU
		{18ACA772-B46A-4FE4-8DB9-9A1AE5A40C31}.Debug|x86.ActiveCfg = Debug|Any CPU
		{18ACA772-B46A-4FE4-8DB9-9A1AE5A40C31}.Debug|x86.Build.0 = Debug|Any CPU
		{18ACA772-B46A-4FE4-8DB9-9A1AE5A40C31}.Release|Any CPU.ActiveCfg = Release|Any CPU
		{18ACA772-B46A-4FE4-8DB9-9A1AE5A40C31}.Release|Any CPU.Build.0 = Release|Any CPU
		{18ACA772-B46A-4FE4-8DB9-9A1AE5A40C31}.Release|x64.ActiveCfg = Release|Any CPU
		{18ACA772-B46A-4FE4-8DB9-9A1AE5A40C31}.Release|x64.Build.0 = Release|Any CPU
		{18ACA772-B46A-4FE4-8DB9-9A1AE5A40C31}.Release|x86.ActiveCfg = Release|Any CPU
		{18ACA772-B46A-4FE4-8DB9-9A1AE5A40C31}.Release|x86.Build.0 = Release|Any CPU
		{89CB8A9C-26B8-41B0-A848-17C2D679B5F0}.Debug|Any CPU.ActiveCfg = Debug|Any CPU
		{89CB8A9C-26B8-41B0-A848-17C2D679B5F0}.Debug|Any CPU.Build.0 = Debug|Any CPU
		{89CB8A9C-26B8-41B0-A848-17C2D679B5F0}.Debug|x64.ActiveCfg = Debug|Any CPU
		{89CB8A9C-26B8-41B0-A848-17C2D679B5F0}.Debug|x64.Build.0 = Debug|Any CPU
		{89CB8A9C-26B8-41B0-A848-17C2D679B5F0}.Debug|x86.ActiveCfg = Debug|Any CPU
		{89CB8A9C-26B8-41B0-A848-17C2D679B5F0}.Debug|x86.Build.0 = Debug|Any CPU
		{89CB8A9C-26B8-41B0-A848-17C2D679B5F0}.Release|Any CPU.ActiveCfg = Release|Any CPU
		{89CB8A9C-26B8-41B0-A848-17C2D679B5F0}.Release|Any CPU.Build.0 = Release|Any CPU
		{89CB8A9C-26B8-41B0-A848-17C2D679B5F0}.Release|x64.ActiveCfg = Release|Any CPU
		{89CB8A9C-26B8-41B0-A848-17C2D679B5F0}.Release|x64.Build.0 = Release|Any CPU
		{89CB8A9C-26B8-41B0-A848-17C2D679B5F0}.Release|x86.ActiveCfg = Release|Any CPU
		{89CB8A9C-26B8-41B0-A848-17C2D679B5F0}.Release|x86.Build.0 = Release|Any CPU
		{52F44E20-CF6B-4659-80A3-AFE501C43B21}.Debug|Any CPU.ActiveCfg = Debug|Any CPU
		{52F44E20-CF6B-4659-80A3-AFE501C43B21}.Debug|Any CPU.Build.0 = Debug|Any CPU
		{52F44E20-CF6B-4659-80A3-AFE501C43B21}.Debug|x64.ActiveCfg = Debug|Any CPU
		{52F44E20-CF6B-4659-80A3-AFE501C43B21}.Debug|x64.Build.0 = Debug|Any CPU
		{52F44E20-CF6B-4659-80A3-AFE501C43B21}.Debug|x86.ActiveCfg = Debug|Any CPU
		{52F44E20-CF6B-4659-80A3-AFE501C43B21}.Debug|x86.Build.0 = Debug|Any CPU
		{52F44E20-CF6B-4659-80A3-AFE501C43B21}.Release|Any CPU.ActiveCfg = Release|Any CPU
		{52F44E20-CF6B-4659-80A3-AFE501C43B21}.Release|Any CPU.Build.0 = Release|Any CPU
		{52F44E20-CF6B-4659-80A3-AFE501C43B21}.Release|x64.ActiveCfg = Release|Any CPU
		{52F44E20-CF6B-4659-80A3-AFE501C43B21}.Release|x64.Build.0 = Release|Any CPU
		{52F44E20-CF6B-4659-80A3-AFE501C43B21}.Release|x86.ActiveCfg = Release|Any CPU
		{52F44E20-CF6B-4659-80A3-AFE501C43B21}.Release|x86.Build.0 = Release|Any CPU
	EndGlobalSection
	GlobalSection(SolutionProperties) = preSolution
		HideSolutionNode = FALSE
	EndGlobalSection
	GlobalSection(NestedProjects) = preSolution
		{E39580EE-D9B5-4EBD-9783-7D1D7E472C10} = {097B5E27-8C66-496C-BED5-52522F0CBB38}
		{18ACA772-B46A-4FE4-8DB9-9A1AE5A40C31} = {1272BEC9-F062-48D4-952E-A7F4E0EE04A8}
		{89CB8A9C-26B8-41B0-A848-17C2D679B5F0} = {097B5E27-8C66-496C-BED5-52522F0CBB38}
		{52F44E20-CF6B-4659-80A3-AFE501C43B21} = {097B5E27-8C66-496C-BED5-52522F0CBB38}
	EndGlobalSection
	GlobalSection(ExtensibilityGlobals) = postSolution
		SolutionGuid = {BB7D93EF-91F9-44AE-8934-304E6109E750}
	EndGlobalSection
EndGlobal
